
Microsoft Visual Studio Solution File, Format Version 12.00
# Visual Studio 2012
Project("{FAE04EC0-301F-11D3-BF4B-00C04F79EFBC}") = "kobachi.Net.Xmpp", "kobachi.Net.Xmpp\kobachi.Net.Xmpp.csproj", "{41BA6F1C-25EB-4249-82AC-521F58BCF984}"
EndProject
Project("{FAE04EC0-301F-11D3-BF4B-00C04F79EFBC}") = "SampleXmppClient", "SampleXmppClient\SampleXmppClient.csproj", "{03D0ABE6-BC61-4A71-975C-010331DC8868}"
EndProject
Global
	GlobalSection(SolutionConfigurationPlatforms) = preSolution
		Debug|Any CPU = Debug|Any CPU
		Release|Any CPU = Release|Any CPU
	EndGlobalSection
	GlobalSection(ProjectConfigurationPlatforms) = postSolution
		{41BA6F1C-25EB-4249-82AC-521F58BCF984}.Debug|Any CPU.ActiveCfg = Debug|Any CPU
		{41BA6F1C-25EB-4249-82AC-521F58BCF984}.Debug|Any CPU.Build.0 = Debug|Any CPU
		{41BA6F1C-25EB-4249-82AC-521F58BCF984}.Release|Any CPU.ActiveCfg = Release|Any CPU
		{41BA6F1C-25EB-4249-82AC-521F58BCF984}.Release|Any CPU.Build.0 = Release|Any CPU
		{03D0ABE6-BC61-4A71-975C-010331DC8868}.Debug|Any CPU.ActiveCfg = Debug|Any CPU
		{03D0ABE6-BC61-4A71-975C-010331DC8868}.Debug|Any CPU.Build.0 = Debug|Any CPU
		{03D0ABE6-BC61-4A71-975C-010331DC8868}.Release|Any CPU.ActiveCfg = Release|Any CPU
		{03D0ABE6-BC61-4A71-975C-010331DC8868}.Release|Any CPU.Build.0 = Release|Any CPU
	EndGlobalSection
	GlobalSection(SolutionProperties) = preSolution
		HideSolutionNode = FALSE
	EndGlobalSection
EndGlobal
